{
  "name": "newsboard",
  "requires": true,
  "lockfileVersion": 1,
  "dependencies": {
    "page-metadata-parser": {
      "version": "1.1.2",
      "resolved": "https://registry.npmjs.org/page-metadata-parser/-/page-metadata-parser-1.1.2.tgz",
      "integrity": "sha512-zqV0aBiUq0RBGLumedJyjsCW9LEuszFORdH54yU26DZ/Bpy1GDpacsfUuvB+lOlOnPIAm0EWm6B0E+pW9hLGiA=="
    }
  }
}
